
Microsoft Visual Studio Solution File, Format Version 12.00
# Visual Studio Version 17
VisualStudioVersion = 17.2.32616.157
MinimumVisualStudioVersion = 10.0.40219.1
Project("{8BC9CEB8-8B4A-11D0-8D11-00A0C91BC942}") = "ldd-win", "ldd-win\ldd-win.vcxproj", "{1253A816-D611-4A69-8F9C-42B35446B901}"
EndProject
Project("{8BC9CEB8-8B4A-11D0-8D11-00A0C91BC942}") = "process_watcher", "process_watcher\process_watcher.vcxproj", "{6FAE66F5-C907-400F-A18E-62A7D65B1DA7}"
EndProject
Project("{8BC9CEB8-8B4A-11D0-8D11-00A0C91BC942}") = "HelloWorld", "HelloWorld\HelloWorld.vcxproj", "{F3DEA10C-15D9-4882-9D8F-54D19C3C90F6}"
EndProject
Project("{8BC9CEB8-8B4A-11D0-8D11-00A0C91BC942}") = "DisplayModules", "DisplayModules\DisplayModules.vcxproj", "{6CA86CA7-E516-4EA3-B4D1-EDF1D2E28335}"
EndProject
Project("{8BC9CEB8-8B4A-11D0-8D11-00A0C91BC942}") = "skybu", "skybu\skybu.vcxproj", "{FC7E68CE-44F5-456B-9477-7E61A7CC497A}"
EndProject
Project("{8BC9CEB8-8B4A-11D0-8D11-00A0C91BC942}") = "skyrs", "skyrs\skyrs.vcxproj", "{96047015-C062-4DCA-BA6A-8CC1013C4C11}"
EndProject
Project("{8BC9CEB8-8B4A-11D0-8D11-00A0C91BC942}") = "UsnTest", "UsnTest\UsnTest.vcxproj", "{BFAA2ADD-B687-49B1-84FC-55B7F553C185}"
EndProject
Global
	GlobalSection(SolutionConfigurationPlatforms) = preSolution
		Debug|x64 = Debug|x64
		Debug|x86 = Debug|x86
		Release|x64 = Release|x64
		Release|x86 = Release|x86
	EndGlobalSection
	GlobalSection(ProjectConfigurationPlatforms) = postSolution
		{1253A816-D611-4A69-8F9C-42B35446B901}.Debug|x64.ActiveCfg = Debug|x64
		{1253A816-D611-4A69-8F9C-42B35446B901}.Debug|x64.Build.0 = Debug|x64
		{1253A816-D611-4A69-8F9C-42B35446B901}.Debug|x86.ActiveCfg = Debug|Win32
		{1253A816-D611-4A69-8F9C-42B35446B901}.Debug|x86.Build.0 = Debug|Win32
		{1253A816-D611-4A69-8F9C-42B35446B901}.Release|x64.ActiveCfg = Release|x64
		{1253A816-D611-4A69-8F9C-42B35446B901}.Release|x64.Build.0 = Release|x64
		{1253A816-D611-4A69-8F9C-42B35446B901}.Release|x86.ActiveCfg = Release|Win32
		{1253A816-D611-4A69-8F9C-42B35446B901}.Release|x86.Build.0 = Release|Win32
		{6FAE66F5-C907-400F-A18E-62A7D65B1DA7}.Debug|x64.ActiveCfg = Debug|x64
		{6FAE66F5-C907-400F-A18E-62A7D65B1DA7}.Debug|x64.Build.0 = Debug|x64
		{6FAE66F5-C907-400F-A18E-62A7D65B1DA7}.Debug|x86.ActiveCfg = Debug|Win32
		{6FAE66F5-C907-400F-A18E-62A7D65B1DA7}.Debug|x86.Build.0 = Debug|Win32
		{6FAE66F5-C907-400F-A18E-62A7D65B1DA7}.Release|x64.ActiveCfg = Release|x64
		{6FAE66F5-C907-400F-A18E-62A7D65B1DA7}.Release|x64.Build.0 = Release|x64
		{6FAE66F5-C907-400F-A18E-62A7D65B1DA7}.Release|x86.ActiveCfg = Release|Win32
		{6FAE66F5-C907-400F-A18E-62A7D65B1DA7}.Release|x86.Build.0 = Release|Win32
		{F3DEA10C-15D9-4882-9D8F-54D19C3C90F6}.Debug|x64.ActiveCfg = Debug|x64
		{F3DEA10C-15D9-4882-9D8F-54D19C3C90F6}.Debug|x64.Build.0 = Debug|x64
		{F3DEA10C-15D9-4882-9D8F-54D19C3C90F6}.Debug|x86.ActiveCfg = Debug|Win32
		{F3DEA10C-15D9-4882-9D8F-54D19C3C90F6}.Debug|x86.Build.0 = Debug|Win32
		{F3DEA10C-15D9-4882-9D8F-54D19C3C90F6}.Release|x64.ActiveCfg = Release|x64
		{F3DEA10C-15D9-4882-9D8F-54D19C3C90F6}.Release|x64.Build.0 = Release|x64
		{F3DEA10C-15D9-4882-9D8F-54D19C3C90F6}.Release|x86.ActiveCfg = Release|Win32
		{F3DEA10C-15D9-4882-9D8F-54D19C3C90F6}.Release|x86.Build.0 = Release|Win32
		{6CA86CA7-E516-4EA3-B4D1-EDF1D2E28335}.Debug|x64.ActiveCfg = Debug|x64
		{6CA86CA7-E516-4EA3-B4D1-EDF1D2E28335}.Debug|x64.Build.0 = Debug|x64
		{6CA86CA7-E516-4EA3-B4D1-EDF1D2E28335}.Debug|x86.ActiveCfg = Debug|Win32
		{6CA86CA7-E516-4EA3-B4D1-EDF1D2E28335}.Debug|x86.Build.0 = Debug|Win32
		{6CA86CA7-E516-4EA3-B4D1-EDF1D2E28335}.Release|x64.ActiveCfg = Release|x64
		{6CA86CA7-E516-4EA3-B4D1-EDF1D2E28335}.Release|x64.Build.0 = Release|x64
		{6CA86CA7-E516-4EA3-B4D1-EDF1D2E28335}.Release|x86.ActiveCfg = Release|Win32
		{6CA86CA7-E516-4EA3-B4D1-EDF1D2E28335}.Release|x86.Build.0 = Release|Win32
		{FC7E68CE-44F5-456B-9477-7E61A7CC497A}.Debug|x64.ActiveCfg = Debug|x64
		{FC7E68CE-44F5-456B-9477-7E61A7CC497A}.Debug|x64.Build.0 = Debug|x64
		{FC7E68CE-44F5-456B-9477-7E61A7CC497A}.Debug|x86.ActiveCfg = Debug|Win32
		{FC7E68CE-44F5-456B-9477-7E61A7CC497A}.Debug|x86.Build.0 = Debug|Win32
		{FC7E68CE-44F5-456B-9477-7E61A7CC497A}.Release|x64.ActiveCfg = Release|x64
		{FC7E68CE-44F5-456B-9477-7E61A7CC497A}.Release|x64.Build.0 = Release|x64
		{FC7E68CE-44F5-456B-9477-7E61A7CC497A}.Release|x86.ActiveCfg = Release|Win32
		{FC7E68CE-44F5-456B-9477-7E61A7CC497A}.Release|x86.Build.0 = Release|Win32
		{96047015-C062-4DCA-BA6A-8CC1013C4C11}.Debug|x64.ActiveCfg = Debug|x64
		{96047015-C062-4DCA-BA6A-8CC1013C4C11}.Debug|x64.Build.0 = Debug|x64
		{96047015-C062-4DCA-BA6A-8CC1013C4C11}.Debug|x86.ActiveCfg = Debug|Win32
		{96047015-C062-4DCA-BA6A-8CC1013C4C11}.Debug|x86.Build.0 = Debug|Win32
		{96047015-C062-4DCA-BA6A-8CC1013C4C11}.Release|x64.ActiveCfg = Release|x64
		{96047015-C062-4DCA-BA6A-8CC1013C4C11}.Release|x64.Build.0 = Release|x64
		{96047015-C062-4DCA-BA6A-8CC1013C4C11}.Release|x86.ActiveCfg = Release|Win32
		{96047015-C062-4DCA-BA6A-8CC1013C4C11}.Release|x86.Build.0 = Release|Win32
		{BFAA2ADD-B687-49B1-84FC-55B7F553C185}.Debug|x64.ActiveCfg = Debug|x64
		{BFAA2ADD-B687-49B1-84FC-55B7F553C185}.Debug|x64.Build.0 = Debug|x64
		{BFAA2ADD-B687-49B1-84FC-55B7F553C185}.Debug|x86.ActiveCfg = Debug|Win32
		{BFAA2ADD-B687-49B1-84FC-55B7F553C185}.Debug|x86.Build.0 = Debug|Win32
		{BFAA2ADD-B687-49B1-84FC-55B7F553C185}.Release|x64.ActiveCfg = Release|x64
		{BFAA2ADD-B687-49B1-84FC-55B7F553C185}.Release|x64.Build.0 = Release|x64
		{BFAA2ADD-B687-49B1-84FC-55B7F553C185}.Release|x86.ActiveCfg = Release|Win32
		{BFAA2ADD-B687-49B1-84FC-55B7F553C185}.Release|x86.Build.0 = Release|Win32
	EndGlobalSection
	GlobalSection(SolutionProperties) = preSolution
		HideSolutionNode = FALSE
	EndGlobalSection
	GlobalSection(ExtensibilityGlobals) = postSolution
		SolutionGuid = {BCA299CE-93D5-4DCF-8D76-90CBE2B40B0A}
	EndGlobalSection
EndGlobal
